
Microsoft Visual Studio Solution File, Format Version 12.00
# Visual Studio Version 16
VisualStudioVersion = 16.0.29409.12
MinimumVisualStudioVersion = 10.0.40219.1
Project("{FAE04EC0-301F-11D3-BF4B-00C04F79EFBC}") = "MouseConsole", "MouseConsole.csproj", "{94E90858-F9AD-4658-A6D4-C4C1F58A709A}"
EndProject
Global
	GlobalSection(SolutionConfigurationPlatforms) = preSolution
		Debug|Any CPU = Debug|Any CPU
		Release|Any CPU = Release|Any CPU
	EndGlobalSection
	GlobalSection(ProjectConfigurationPlatforms) = postSolution
		{94E90858-F9AD-4658-A6D4-C4C1F58A709A}.Debug|Any CPU.ActiveCfg = Debug|Any CPU
		{94E90858-F9AD-4658-A6D4-C4C1F58A709A}.Debug|Any CPU.Build.0 = Debug|Any CPU
		{94E90858-F9AD-4658-A6D4-C4C1F58A709A}.Release|Any CPU.ActiveCfg = Release|Any CPU
		{94E90858-F9AD-4658-A6D4-C4C1F58A709A}.Release|Any CPU.Build.0 = Release|Any CPU
	EndGlobalSection
	GlobalSection(SolutionProperties) = preSolution
		HideSolutionNode = FALSE
	EndGlobalSection
	GlobalSection(ExtensibilityGlobals) = postSolution
		SolutionGuid = {079BFE51-223E-4E40-BA73-4326A82CF5FA}
	EndGlobalSection
EndGlobal
